
Microsoft Visual Studio Solution File, Format Version 12.00
Project("{FAE04EC0-301F-11D3-BF4B-00C04F79EFBC}") = "asuka", "asuka.csproj", "{F2D45627-3ECD-41C4-A10C-B3AA475EEF14}"
EndProject
Global
	GlobalSection(SolutionConfigurationPlatforms) = preSolution
		Debug|Any CPU = Debug|Any CPU
		Release|Any CPU = Release|Any CPU
	EndGlobalSection
	GlobalSection(ProjectConfigurationPlatforms) = postSolution
		{F2D45627-3ECD-41C4-A10C-B3AA475EEF14}.Debug|Any CPU.ActiveCfg = Debug|Any CPU
		{F2D45627-3ECD-41C4-A10C-B3AA475EEF14}.Debug|Any CPU.Build.0 = Debug|Any CPU
		{F2D45627-3ECD-41C4-A10C-B3AA475EEF14}.Release|Any CPU.ActiveCfg = Release|Any CPU
		{F2D45627-3ECD-41C4-A10C-B3AA475EEF14}.Release|Any CPU.Build.0 = Release|Any CPU
	EndGlobalSection
EndGlobal
