
Microsoft Visual Studio Solution File, Format Version 12.00
# Visual Studio Version 16
VisualStudioVersion = 16.0.29806.167
MinimumVisualStudioVersion = 10.0.40219.1
Project("{2150E333-8FDC-42A3-9474-1A3956D46DE8}") = "Solution Items", "Solution Items", "{5CC928EF-82FF-4B55-AE32-BF3E959B95CA}"
	ProjectSection(SolutionItems) = preProject
		.editorconfig = .editorconfig
		.gitignore = .gitignore
		LICENSE.txt = LICENSE.txt
		README.md = README.md
	EndProjectSection
EndProject
Project("{9A19103F-16F7-4668-BE54-9A1E7A4F7556}") = "asuka", "asuka\asuka.csproj", "{6F0C9D78-28E2-4D9B-9881-4C61EC472C75}"
EndProject
Project("{2150E333-8FDC-42A3-9474-1A3956D46DE8}") = "docs", "docs", "{1A1AF731-21A6-46FB-BF27-37C92EA36D71}"
	ProjectSection(SolutionItems) = preProject
		docs\USAGE.md = docs\USAGE.md
	EndProjectSection
EndProject
Global
	GlobalSection(SolutionConfigurationPlatforms) = preSolution
		Debug|Any CPU = Debug|Any CPU
		Release|Any CPU = Release|Any CPU
	EndGlobalSection
	GlobalSection(ProjectConfigurationPlatforms) = postSolution
		{6F0C9D78-28E2-4D9B-9881-4C61EC472C75}.Debug|Any CPU.ActiveCfg = Debug|Any CPU
		{6F0C9D78-28E2-4D9B-9881-4C61EC472C75}.Debug|Any CPU.Build.0 = Debug|Any CPU
		{6F0C9D78-28E2-4D9B-9881-4C61EC472C75}.Release|Any CPU.ActiveCfg = Release|Any CPU
		{6F0C9D78-28E2-4D9B-9881-4C61EC472C75}.Release|Any CPU.Build.0 = Release|Any CPU
	EndGlobalSection
	GlobalSection(SolutionProperties) = preSolution
		HideSolutionNode = FALSE
	EndGlobalSection
	GlobalSection(NestedProjects) = preSolution
		{1A1AF731-21A6-46FB-BF27-37C92EA36D71} = {5CC928EF-82FF-4B55-AE32-BF3E959B95CA}
	EndGlobalSection
	GlobalSection(ExtensibilityGlobals) = postSolution
		SolutionGuid = {9B48784B-033B-4B3C-BC08-271D1C052EF0}
	EndGlobalSection
EndGlobal
